// !$*UTF8*$!
{
	archiveVersion = 1;
	classes = {
	};
	objectVersion = 55;
	objects = {

/* Begin PBXBuildFile section */
		A95A3BD22758E26C00292B68 /* AppDelegate.swift in Sources */ = {isa = PBXBuildFile; fileRef = A95A3BD12758E26C00292B68 /* AppDelegate.swift */; };
		A95A3BD42758E26C00292B68 /* SceneDelegate.swift in Sources */ = {isa = PBXBuildFile; fileRef = A95A3BD32758E26C00292B68 /* SceneDelegate.swift */; };
		A95A3BD92758E26C00292B68 /* Main.storyboard in Resources */ = {isa = PBXBuildFile; fileRef = A95A3BD72758E26C00292B68 /* Main.storyboard */; };
		A95A3BDB2758E26E00292B68 /* Assets.xcassets in Resources */ = {isa = PBXBuildFile; fileRef = A95A3BDA2758E26E00292B68 /* Assets.xcassets */; };
		A95A3BDE2758E26E00292B68 /* LaunchScreen.storyboard in Resources */ = {isa = PBXBuildFile; fileRef = A95A3BDC2758E26E00292B68 /* LaunchScreen.storyboard */; };
		A95A3BE92758E26F00292B68 /* TableTests.swift in Sources */ = {isa = PBXBuildFile; fileRef = A95A3BE82758E26F00292B68 /* TableTests.swift */; };
		A95A3BF32758E26F00292B68 /* TableUITests.swift in Sources */ = {isa = PBXBuildFile; fileRef = A95A3BF22758E26F00292B68 /* TableUITests.swift */; };
		A95A3BF52758E26F00292B68 /* TableUITestsLaunchTests.swift in Sources */ = {isa = PBXBuildFile; fileRef = A95A3BF42758E26F00292B68 /* TableUITestsLaunchTests.swift */; };
		A95A3C042758EC7800292B68 /* AddViewController.swift in Sources */ = {isa = PBXBuildFile; fileRef = A95A3C032758EC7800292B68 /* AddViewController.swift */; };
		A95A3C062758EC9A00292B68 /* DetailViewController.swift in Sources */ = {isa = PBXBuildFile; fileRef = A95A3C052758EC9A00292B68 /* DetailViewController.swift */; };
		A95A3C082758EDF800292B68 /* TableViewController.swift in Sources */ = {isa = PBXBuildFile; fileRef = A95A3C072758EDF800292B68 /* TableViewController.swift */; };
		A95A3C0C2758F0C300292B68 /* 11.png in Resources */ = {isa = PBXBuildFile; fileRef = A95A3C092758F0C300292B68 /* 11.png */; };
		A95A3C0D2758F0C300292B68 /* 9.png in Resources */ = {isa = PBXBuildFile; fileRef = A95A3C0A2758F0C300292B68 /* 9.png */; };
		A95A3C0E2758F0C300292B68 /* 6.jpeg in Resources */ = {isa = PBXBuildFile; fileRef = A95A3C0B2758F0C300292B68 /* 6.jpeg */; };
/* End PBXBuildFile section */

/* Begin PBXContainerItemProxy section */
		A95A3BE52758E26F00292B68 /* PBXContainerItemProxy */ = {
			isa = PBXContainerItemProxy;
			containerPortal = A95A3BC62758E26C00292B68 /* Project object */;
			proxyType = 1;
			remoteGlobalIDString = A95A3BCD2758E26C00292B68;
			remoteInfo = Table;
		};
		A95A3BEF2758E26F00292B68 /* PBXContainerItemProxy */ = {
			isa = PBXContainerItemProxy;
			containerPortal = A95A3BC62758E26C00292B68 /* Project object */;
			proxyType = 1;
			remoteGlobalIDString = A95A3BCD2758E26C00292B68;
			remoteInfo = Table;
		};
/* End PBXContainerItemProxy section */

/* Begin PBXFileReference section */
		A95A3BCE2758E26C00292B68 /* Table.app */ = {isa = PBXFileReference; explicitFileType = wrapper.application; includeInIndex = 0; path = Table.app; sourceTree = BUILT_PRODUCTS_DIR; };
		A95A3BD12758E26C00292B68 /* AppDelegate.swift */ = {isa = PBXFileReference; lastKnownFileType = sourcecode.swift; path = AppDelegate.swift; sourceTree = "<group>"; };
		A95A3BD32758E26C00292B68 /* SceneDelegate.swift */ = {isa = PBXFileReference; lastKnownFileType = sourcecode.swift; path = SceneDelegate.swift; sourceTree = "<group>"; };
		A95A3BD82758E26C00292B68 /* Base */ = {isa = PBXFileReference; lastKnownFileType = file.storyboard; name = Base; path = Base.lproj/Main.storyboard; sourceTree = "<group>"; };
		A95A3BDA2758E26E00292B68 /* Assets.xcassets */ = {isa = PBXFileReference; lastKnownFileType = folder.assetcatalog; path = Assets.xcassets; sourceTree = "<group>"; };
		A95A3BDD2758E26E00292B68 /* Base */ = {isa = PBXFileReference; lastKnownFileType = file.storyboard; name = Base; path = Base.lproj/LaunchScreen.storyboard; sourceTree = "<group>"; };
		A95A3BDF2758E26F00292B68 /* Info.plist */ = {isa = PBXFileReference; lastKnownFileType = text.plist.xml; path = Info.plist; sourceTree = "<group>"; };
		A95A3BE42758E26F00292B68 /* TableTests.xctest */ = {isa = PBXFileReference; explicitFileType = wrapper.cfbundle; includeInIndex = 0; path = TableTests.xctest; sourceTree = BUILT_PRODUCTS_DIR; };
		A95A3BE82758E26F00292B68 /* TableTests.swift */ = {isa = PBXFileReference; lastKnownFileType = sourcecode.swift; path = TableTests.swift; sourceTree = "<group>"; };
		A95A3BEE2758E26F00292B68 /* TableUITests.xctest */ = {isa = PBXFileReference; explicitFileType = wrapper.cfbundle; includeInIndex = 0; path = TableUITests.xctest; sourceTree = BUILT_PRODUCTS_DIR; };
		A95A3BF22758E26F00292B68 /* TableUITests.swift */ = {isa = PBXFileReference; lastKnownFileType = sourcecode.swift; path = TableUITests.swift; sourceTree = "<group>"; };
		A95A3BF42758E26F00292B68 /* TableUITestsLaunchTests.swift */ = {isa = PBXFileReference; lastKnownFileType = sourcecode.swift; path = TableUITestsLaunchTests.swift; sourceTree = "<group>"; };
		A95A3C032758EC7800292B68 /* AddViewController.swift */ = {isa = PBXFileReference; lastKnownFileType = sourcecode.swift; path = AddViewController.swift; sourceTree = "<group>"; };
		A95A3C052758EC9A00292B68 /* DetailViewController.swift */ = {isa = PBXFileReference; lastKnownFileType = sourcecode.swift; path = DetailViewController.swift; sourceTree = "<group>"; };
		A95A3C072758EDF800292B68 /* TableViewController.swift */ = {isa = PBXFileReference; lastKnownFileType = sourcecode.swift; path = TableViewController.swift; sourceTree = "<group>"; };
		A95A3C092758F0C300292B68 /* 11.png */ = {isa = PBXFileReference; lastKnownFileType = image.png; path = 11.png; sourceTree = "<group>"; };
		A95A3C0A2758F0C300292B68 /* 9.png */ = {isa = PBXFileReference; lastKnownFileType = image.png; path = 9.png; sourceTree = "<group>"; };
		A95A3C0B2758F0C300292B68 /* 6.jpeg */ = {isa = PBXFileReference; lastKnownFileType = image.jpeg; path = 6.jpeg; sourceTree = "<group>"; };
/* End PBXFileReference section */

/* Begin PBXFrameworksBuildPhase section */
		A95A3BCB2758E26C00292B68 /* Frameworks */ = {
			isa = PBXFrameworksBuildPhase;
			buildActionMask = 2147483647;
			files = (
			);
			runOnlyForDeploymentPostprocessing = 0;
		};
		A95A3BE12758E26F00292B68 /* Frameworks */ = {
			isa = PBXFrameworksBuildPhase;
			buildActionMask = 2147483647;
			files = (
			);
			runOnlyForDeploymentPostprocessing = 0;
		};
		A95A3BEB2758E26F00292B68 /* Frameworks */ = {
			isa = PBXFrameworksBuildPhase;
			buildActionMask = 2147483647;
			files = (
			);
			runOnlyForDeploymentPostprocessing = 0;
		};
/* End PBXFrameworksBuildPhase section */

/* Begin PBXGroup section */
		A95A3BC52758E26C00292B68 = {
			isa = PBXGroup;
			children = (
				A95A3BD02758E26C00292B68 /* Table */,
				A95A3BE72758E26F00292B68 /* TableTests */,
				A95A3BF12758E26F00292B68 /* TableUITests */,
				A95A3BCF2758E26C00292B68 /* Products */,
			);
			sourceTree = "<group>";
		};
		A95A3BCF2758E26C00292B68 /* Products */ = {
			isa = PBXGroup;
			children = (
				A95A3BCE2758E26C00292B68 /* Table.app */,
				A95A3BE42758E26F00292B68 /* TableTests.xctest */,
				A95A3BEE2758E26F00292B68 /* TableUITests.xctest */,
			);
			name = Products;
			sourceTree = "<group>";
		};
		A95A3BD02758E26C00292B68 /* Table */ = {
			isa = PBXGroup;
			children = (
				A95A3BDF2758E26F00292B68 /* Info.plist */,
				A95A3C0B2758F0C300292B68 /* 6.jpeg */,
				A95A3C0A2758F0C300292B68 /* 9.png */,
				A95A3C092758F0C300292B68 /* 11.png */,
				A95A3C032758EC7800292B68 /* AddViewController.swift */,
				A95A3BD12758E26C00292B68 /* AppDelegate.swift */,
				A95A3C052758EC9A00292B68 /* DetailViewController.swift */,
				A95A3BD32758E26C00292B68 /* SceneDelegate.swift */,
				A95A3BDA2758E26E00292B68 /* Assets.xcassets */,
				A95A3BDC2758E26E00292B68 /* LaunchScreen.storyboard */,
				A95A3BD72758E26C00292B68 /* Main.storyboard */,
				A95A3C072758EDF800292B68 /* TableViewController.swift */,
			);
			path = Table;
			sourceTree = "<group>";
		};
		A95A3BE72758E26F00292B68 /* TableTests */ = {
			isa = PBXGroup;
			children = (
				A95A3BE82758E26F00292B68 /* TableTests.swift */,
			);
			path = TableTests;
			sourceTree = "<group>";
		};
		A95A3BF12758E26F00292B68 /* TableUITests */ = {
			isa = PBXGroup;
			children = (
				A95A3BF22758E26F00292B68 /* TableUITests.swift */,
				A95A3BF42758E26F00292B68 /* TableUITestsLaunchTests.swift */,
			);
			path = TableUITests;
			sourceTree = "<group>";
		};
/* End PBXGroup section */

/* Begin PBXNativeTarget section */
		A95A3BCD2758E26C00292B68 /* Table */ = {
			isa = PBXNativeTarget;
			buildConfigurationList = A95A3BF82758E26F00292B68 /* Build configuration list for PBXNativeTarget "Table" */;
			buildPhases = (
				A95A3BCA2758E26C00292B68 /* Sources */,
				A95A3BCB2758E26C00292B68 /* Frameworks */,
				A95A3BCC2758E26C00292B68 /* Resources */,
			);
			buildRules = (
			);
			dependencies = (
			);
			name = Table;
			productName = Table;
			productReference = A95A3BCE2758E26C00292B68 /* Table.app */;
			productType = "com.apple.product-type.application";
		};
		A95A3BE32758E26F00292B68 /* TableTests */ = {
			isa = PBXNativeTarget;
			buildConfigurationList = A95A3BFB2758E26F00292B68 /* Build configuration list for PBXNativeTarget "TableTests" */;
			buildPhases = (
				A95A3BE02758E26F00292B68 /* Sources */,
				A95A3BE12758E26F00292B68 /* Frameworks */,
				A95A3BE22758E26F00292B68 /* Resources */,
			);
			buildRules = (
			);
			dependencies = (
				A95A3BE62758E26F00292B68 /* PBXTargetDependency */,
			);
			name = TableTests;
			productName = TableTests;
			productReference = A95A3BE42758E26F00292B68 /* TableTests.xctest */;
			productType = "com.apple.product-type.bundle.unit-test";
		};
		A95A3BED2758E26F00292B68 /* TableUITests */ = {
			isa = PBXNativeTarget;
			buildConfigurationList = A95A3BFE2758E26F00292B68 /* Build configuration list for PBXNativeTarget "TableUITests" */;
			buildPhases = (
				A95A3BEA2758E26F00292B68 /* Sources */,
				A95A3BEB2758E26F00292B68 /* Frameworks */,
				A95A3BEC2758E26F00292B68 /* Resources */,
			);
			buildRules = (
			);
			dependencies = (
				A95A3BF02758E26F00292B68 /* PBXTargetDependency */,
			);
			name = TableUITests;
			productName = TableUITests;
			productReference = A95A3BEE2758E26F00292B68 /* TableUITests.xctest */;
			productType = "com.apple.product-type.bundle.ui-testing";
		};
/* End PBXNativeTarget section */

/* Begin PBXProject section */
		A95A3BC62758E26C00292B68 /* Project object */ = {
			isa = PBXProject;
			attributes = {
				BuildIndependentTargetsInParallel = 1;
				LastSwiftUpdateCheck = 1310;
				LastUpgradeCheck = 1310;
				TargetAttributes = {
					A95A3BCD2758E26C00292B68 = {
						CreatedOnToolsVersion = 13.1;
					};
					A95A3BE32758E26F00292B68 = {
						CreatedOnToolsVersion = 13.1;
						TestTargetID = A95A3BCD2758E26C00292B68;
					};
					A95A3BED2758E26F00292B68 = {
						CreatedOnToolsVersion = 13.1;
						TestTargetID = A95A3BCD2758E26C00292B68;
					};
				};
			};
			buildConfigurationList = A95A3BC92758E26C00292B68 /* Build configuration list for PBXProject "Table" */;
			compatibilityVersion = "Xcode 13.0";
			developmentRegion = en;
			hasScannedForEncodings = 0;
			knownRegions = (
				en,
				Base,
			);
			mainGroup = A95A3BC52758E26C00292B68;
			productRefGroup = A95A3BCF2758E26C00292B68 /* Products */;
			projectDirPath = "";
			projectRoot = "";
			targets = (
				A95A3BCD2758E26C00292B68 /* Table */,
				A95A3BE32758E26F00292B68 /* TableTests */,
				A95A3BED2758E26F00292B68 /* TableUITests */,
			);
		};
/* End PBXProject section */

/* Begin PBXResourcesBuildPhase section */
		A95A3BCC2758E26C00292B68 /* Resources */ = {
			isa = PBXResourcesBuildPhase;
			buildActionMask = 2147483647;
			files = (
				A95A3C0E2758F0C300292B68 /* 6.jpeg in Resources */,
				A95A3BDE2758E26E00292B68 /* LaunchScreen.storyboard in Resources */,
				A95A3BDB2758E26E00292B68 /* Assets.xcassets in Resources */,
				A95A3BD92758E26C00292B68 /* Main.storyboard in Resources */,
				A95A3C0D2758F0C300292B68 /* 9.png in Resources */,
				A95A3C0C2758F0C300292B68 /* 11.png in Resources */,
			);
			runOnlyForDeploymentPostprocessing = 0;
		};
		A95A3BE22758E26F00292B68 /* Resources */ = {
			isa = PBXResourcesBuildPhase;
			buildActionMask = 2147483647;
			files = (
			);
			runOnlyForDeploymentPostprocessing = 0;
		};
		A95A3BEC2758E26F00292B68 /* Resources */ = {
			isa = PBXResourcesBuildPhase;
			buildActionMask = 2147483647;
			files = (
			);
			runOnlyForDeploymentPostprocessing = 0;
		};
/* End PBXResourcesBuildPhase section */

/* Begin PBXSourcesBuildPhase section */
		A95A3BCA2758E26C00292B68 /* Sources */ = {
			isa = PBXSourcesBuildPhase;
			buildActionMask = 2147483647;
			files = (
				A95A3BD22758E26C00292B68 /* AppDelegate.swift in Sources */,
				A95A3C062758EC9A00292B68 /* DetailViewController.swift in Sources */,
				A95A3C042758EC7800292B68 /* AddViewController.swift in Sources */,
				A95A3C082758EDF800292B68 /* TableViewController.swift in Sources */,
				A95A3BD42758E26C00292B68 /* SceneDelegate.swift in Sources */,
			);
			runOnlyForDeploymentPostprocessing = 0;
		};
		A95A3BE02758E26F00292B68 /* Sources */ = {
			isa = PBXSourcesBuildPhase;
			buildActionMask = 2147483647;
			files = (
				A95A3BE92758E26F00292B68 /* TableTests.swift in Sources */,
			);
			runOnlyForDeploymentPostprocessing = 0;
		};
		A95A3BEA2758E26F00292B68 /* Sources */ = {
			isa = PBXSourcesBuildPhase;
			buildActionMask = 2147483647;
			files = (
				A95A3BF32758E26F00292B68 /* TableUITests.swift in Sources */,
				A95A3BF52758E26F00292B68 /* TableUITestsLaunchTests.swift in Sources */,
			);
			runOnlyForDeploymentPostprocessing = 0;
		};
/* End PBXSourcesBuildPhase section */

/* Begin PBXTargetDependency section */
		A95A3BE62758E26F00292B68 /* PBXTargetDependency */ = {
			isa = PBXTargetDependency;
			target = A95A3BCD2758E26C00292B68 /* Table */;
			targetProxy = A95A3BE52758E26F00292B68 /* PBXContainerItemProxy */;
		};
		A95A3BF02758E26F00292B68 /* PBXTargetDependency */ = {
			isa = PBXTargetDependency;
			target = A95A3BCD2758E26C00292B68 /* Table */;
			targetProxy = A95A3BEF2758E26F00292B68 /* PBXContainerItemProxy */;
		};
/* End PBXTargetDependency section */

/* Begin PBXVariantGroup section */
		A95A3BD72758E26C00292B68 /* Main.storyboard */ = {
			isa = PBXVariantGroup;
			children = (
				A95A3BD82758E26C00292B68 /* Base */,
			);
			name = Main.storyboard;
			sourceTree = "<group>";
		};
		A95A3BDC2758E26E00292B68 /* LaunchScreen.storyboard */ = {
			isa = PBXVariantGroup;
			children = (
				A95A3BDD2758E26E00292B68 /* Base */,
			);
			name = LaunchScreen.storyboard;
			sourceTree = "<group>";
		};
/* End PBXVariantGroup section */

/* Begin XCBuildConfiguration section */
		A95A3BF62758E26F00292B68 /* Debug */ = {
			isa = XCBuildConfiguration;
			buildSettings = {
				ALWAYS_SEARCH_USER_PATHS = NO;
				CLANG_ANALYZER_NONNULL = YES;
				CLANG_ANALYZER_NUMBER_OBJECT_CONVERSION = YES_AGGRESSIVE;
				CLANG_CXX_LANGUAGE_STANDARD = "gnu++17";
				CLANG_CXX_LIBRARY = "libc++";
				CLANG_ENABLE_MODULES = YES;
				CLANG_ENABLE_OBJC_ARC = YES;
				CLANG_ENABLE_OBJC_WEAK = YES;
				CLANG_WARN_BLOCK_CAPTURE_AUTORELEASING = YES;
				CLANG_WARN_BOOL_CONVERSION = YES;
				CLANG_WARN_COMMA = YES;
				CLANG_WARN_CONSTANT_CONVERSION = YES;
				CLANG_WARN_DEPRECATED_OBJC_IMPLEMENTATIONS = YES;
				CLANG_WARN_DIRECT_OBJC_ISA_USAGE = YES_ERROR;
				CLANG_WARN_DOCUMENTATION_COMMENTS = YES;
				CLANG_WARN_EMPTY_BODY = YES;
				CLANG_WARN_ENUM_CONVERSION = YES;
				CLANG_WARN_INFINITE_RECURSION = YES;
				CLANG_WARN_INT_CONVERSION = YES;
				CLANG_WARN_NON_LITERAL_NULL_CONVERSION = YES;
				CLANG_WARN_OBJC_IMPLICIT_RETAIN_SELF = YES;
				CLANG_WARN_OBJC_LITERAL_CONVERSION = YES;
				CLANG_WARN_OBJC_ROOT_CLASS = YES_ERROR;
				CLANG_WARN_QUOTED_INCLUDE_IN_FRAMEWORK_HEADER = YES;
				CLANG_WARN_RANGE_LOOP_ANALYSIS = YES;
				CLANG_WARN_STRICT_PROTOTYPES = YES;
				CLANG_WARN_SUSPICIOUS_MOVE = YES;
				CLANG_WARN_UNGUARDED_AVAILABILITY = YES_AGGRESSIVE;
				CLANG_WARN_UNREACHABLE_CODE = YES;
				CLANG_WARN__DUPLICATE_METHOD_MATCH = YES;
				COPY_PHASE_STRIP = NO;
				DEBUG_INFORMATION_FORMAT = dwarf;
				ENABLE_STRICT_OBJC_MSGSEND = YES;
				ENABLE_TESTABILITY = YES;
				GCC_C_LANGUAGE_STANDARD = gnu11;
				GCC_DYNAMIC_NO_PIC = NO;
				GCC_NO_COMMON_BLOCKS = YES;
				GCC_OPTIMIZATION_LEVEL = 0;
				GCC_PREPROCESSOR_DEFINITIONS = (
					"DEBUG=1",
					"$(inherited)",
				);
				GCC_WARN_64_TO_32_BIT_CONVERSION = YES;
				GCC_WARN_ABOUT_RETURN_TYPE = YES_ERROR;
				GCC_WARN_UNDECLARED_SELECTOR = YES;
				GCC_WARN_UNINITIALIZED_AUTOS = YES_AGGRESSIVE;
				GCC_WARN_UNUSED_FUNCTION = YES;
				GCC_WARN_UNUSED_VARIABLE = YES;
				IPHONEOS_DEPLOYMENT_TARGET = 15.0;
				MTL_ENABLE_DEBUG_INFO = INCLUDE_SOURCE;
				MTL_FAST_MATH = YES;
				ONLY_ACTIVE_ARCH = YES;
				SDKROOT = iphoneos;
				SWIFT_ACTIVE_COMPILATION_CONDITIONS = DEBUG;
				SWIFT_OPTIMIZATION_LEVEL = "-Onone";
			};
			name = Debug;
		};
		A95A3BF72758E26F00292B68 /* Release */ = {
			isa = XCBuildConfiguration;
			buildSettings = {
				ALWAYS_SEARCH_USER_PATHS = NO;
				CLANG_ANALYZER_NONNULL = YES;
				CLANG_ANALYZER_NUMBER_OBJECT_CONVERSION = YES_AGGRESSIVE;
				CLANG_CXX_LANGUAGE_STANDARD = "gnu++17";
				CLANG_CXX_LIBRARY = "libc++";
				CLANG_ENABLE_MODULES = YES;
				CLANG_ENABLE_OBJC_ARC = YES;
				CLANG_ENABLE_OBJC_WEAK = YES;
				CLANG_WARN_BLOCK_CAPTURE_AUTORELEASING = YES;
				CLANG_WARN_BOOL_CONVERSION = YES;
				CLANG_WARN_COMMA = YES;
				CLANG_WARN_CONSTANT_CONVERSION = YES;
				CLANG_WARN_DEPRECATED_OBJC_IMPLEMENTATIONS = YES;
				CLANG_WARN_DIRECT_OBJC_ISA_USAGE = YES_ERROR;
				CLANG_WARN_DOCUMENTATION_COMMENTS = YES;
				CLANG_WARN_EMPTY_BODY = YES;
				CLANG_WARN_ENUM_CONVERSION = YES;
				CLANG_WARN_INFINITE_RECURSION = YES;
				CLANG_WARN_INT_CONVERSION = YES;
				CLANG_WARN_NON_LITERAL_NULL_CONVERSION = YES;
				CLANG_WARN_OBJC_IMPLICIT_RETAIN_SELF = YES;
				CLANG_WARN_OBJC_LITERAL_CONVERSION = YES;
				CLANG_WARN_OBJC_ROOT_CLASS = YES_ERROR;
				CLANG_WARN_QUOTED_INCLUDE_IN_FRAMEWORK_HEADER = YES;
				CLANG_WARN_RANGE_LOOP_ANALYSIS = YES;
				CLANG_WARN_STRICT_PROTOTYPES = YES;
				CLANG_WARN_SUSPICIOUS_MOVE = YES;
				CLANG_WARN_UNGUARDED_AVAILABILITY = YES_AGGRESSIVE;
				CLANG_WARN_UNREACHABLE_CODE = YES;
				CLANG_WARN__DUPLICATE_METHOD_MATCH = YES;
				COPY_PHASE_STRIP = NO;
				DEBUG_INFORMATION_FORMAT = "dwarf-with-dsym";
				ENABLE_NS_ASSERTIONS = NO;
				ENABLE_STRICT_OBJC_MSGSEND = YES;
				GCC_C_LANGUAGE_STANDARD = gnu11;
				GCC_NO_COMMON_BLOCKS = YES;
				GCC_WARN_64_TO_32_BIT_CONVERSION = YES;
				GCC_WARN_ABOUT_RETURN_TYPE = YES_ERROR;
				GCC_WARN_UNDECLARED_SELECTOR = YES;
				GCC_WARN_UNINITIALIZED_AUTOS = YES_AGGRESSIVE;
				GCC_WARN_UNUSED_FUNCTION = YES;
				GCC_WARN_UNUSED_VARIABLE = YES;
				IPHONEOS_DEPLOYMENT_TARGET = 15.0;
				MTL_ENABLE_DEBUG_INFO = NO;
				MTL_FAST_MATH = YES;
				SDKROOT = iphoneos;
				SWIFT_COMPILATION_MODE = wholemodule;
				SWIFT_OPTIMIZATION_LEVEL = "-O";
				VALIDATE_PRODUCT = YES;
			};
			name = Release;
		};
		A95A3BF92758E26F00292B68 /* Debug */ = {
			isa = XCBuildConfiguration;
			buildSettings = {
				ASSETCATALOG_COMPILER_APPICON_NAME = AppIcon;
				ASSETCATALOG_COMPILER_GLOBAL_ACCENT_COLOR_NAME = AccentColor;
				CODE_SIGN_STYLE = Automatic;
				CURRENT_PROJECT_VERSION = 1;
				GENERATE_INFOPLIST_FILE = YES;
				INFOPLIST_FILE = Table/Info.plist;
				INFOPLIST_KEY_UIApplicationSupportsIndirectInputEvents = YES;
				INFOPLIST_KEY_UILaunchStoryboardName = LaunchScreen;
				INFOPLIST_KEY_UIMainStoryboardFile = Main;
				INFOPLIST_KEY_UISupportedInterfaceOrientations_iPad = "UIInterfaceOrientationPortrait UIInterfaceOrientationPortraitUpsideDown UIInterfaceOrientationLandscapeLeft UIInterfaceOrientationLandscapeRight";
				INFOPLIST_KEY_UISupportedInterfaceOrientations_iPhone = "UIInterfaceOrientationPortrait UIInterfaceOrientationLandscapeLeft UIInterfaceOrientationLandscapeRight";
				LD_RUNPATH_SEARCH_PATHS = (
					"$(inherited)",
					"@executable_path/Frameworks",
				);
				MARKETING_VERSION = 1.0;
				PRODUCT_BUNDLE_IDENTIFIER = com.Table;
				PRODUCT_NAME = "$(TARGET_NAME)";
				SWIFT_EMIT_LOC_STRINGS = YES;
				SWIFT_VERSION = 5.0;
				TARGETED_DEVICE_FAMILY = 1;
			};
			name = Debug;
		};
		A95A3BFA2758E26F00292B68 /* Release */ = {
			isa = XCBuildConfiguration;
			buildSettings = {
				ASSETCATALOG_COMPILER_APPICON_NAME = AppIcon;
				ASSETCATALOG_COMPILER_GLOBAL_ACCENT_COLOR_NAME = AccentColor;
				CODE_SIGN_STYLE = Automatic;
				CURRENT_PROJECT_VERSION = 1;
				GENERATE_INFOPLIST_FILE = YES;
				INFOPLIST_FILE = Table/Info.plist;
				INFOPLIST_KEY_UIApplicationSupportsIndirectInputEvents = YES;
				INFOPLIST_KEY_UILaunchStoryboardName = LaunchScreen;
				INFOPLIST_KEY_UIMainStoryboardFile = Main;
				INFOPLIST_KEY_UISupportedInterfaceOrientations_iPad = "UIInterfaceOrientationPortrait UIInterfaceOrientationPortraitUpsideDown UIInterfaceOrientationLandscapeLeft UIInterfaceOrientationLandscapeRight";
				INFOPLIST_KEY_UISupportedInterfaceOrientations_iPhone = "UIInterfaceOrientationPortrait UIInterfaceOrientationLandscapeLeft UIInterfaceOrientationLandscapeRight";
				LD_RUNPATH_SEARCH_PATHS = (
					"$(inherited)",
					"@executable_path/Frameworks",
				);
				MARKETING_VERSION = 1.0;
				PRODUCT_BUNDLE_IDENTIFIER = com.Table;
				PRODUCT_NAME = "$(TARGET_NAME)";
				SWIFT_EMIT_LOC_STRINGS = YES;
				SWIFT_VERSION = 5.0;
				TARGETED_DEVICE_FAMILY = 1;
			};
			name = Release;
		};
		A95A3BFC2758E26F00292B68 /* Debug */ = {
			isa = XCBuildConfiguration;
			buildSettings = {
				ALWAYS_EMBED_SWIFT_STANDARD_LIBRARIES = YES;
				BUNDLE_LOADER = "$(TEST_HOST)";
				CODE_SIGN_STYLE = Automatic;
				CURRENT_PROJECT_VERSION = 1;
				GENERATE_INFOPLIST_FILE = YES;
				IPHONEOS_DEPLOYMENT_TARGET = 15.0;
				LD_RUNPATH_SEARCH_PATHS = (
					"$(inherited)",
					"@executable_path/Frameworks",
					"@loader_path/Frameworks",
				);
				MARKETING_VERSION = 1.0;
				PRODUCT_BUNDLE_IDENTIFIER = com.TableTests;
				PRODUCT_NAME = "$(TARGET_NAME)";
				SWIFT_EMIT_LOC_STRINGS = NO;
				SWIFT_VERSION = 5.0;
				TARGETED_DEVICE_FAMILY = "1,2";
				TEST_HOST = "$(BUILT_PRODUCTS_DIR)/Table.app/Table";
			};
			name = Debug;
		};
		A95A3BFD2758E26F00292B68 /* Release */ = {
			isa = XCBuildConfiguration;
			buildSettings = {
				ALWAYS_EMBED_SWIFT_STANDARD_LIBRARIES = YES;
				BUNDLE_LOADER = "$(TEST_HOST)";
				CODE_SIGN_STYLE = Automatic;
				CURRENT_PROJECT_VERSION = 1;
				GENERATE_INFOPLIST_FILE = YES;
				IPHONEOS_DEPLOYMENT_TARGET = 15.0;
				LD_RUNPATH_SEARCH_PATHS = (
					"$(inherited)",
					"@executable_path/Frameworks",
					"@loader_path/Frameworks",
				);
				MARKETING_VERSION = 1.0;
				PRODUCT_BUNDLE_IDENTIFIER = com.TableTests;
				PRODUCT_NAME = "$(TARGET_NAME)";
				SWIFT_EMIT_LOC_STRINGS = NO;
				SWIFT_VERSION = 5.0;
				TARGETED_DEVICE_FAMILY = "1,2";
				TEST_HOST = "$(BUILT_PRODUCTS_DIR)/Table.app/Table";
			};
			name = Release;
		};
		A95A3BFF2758E26F00292B68 /* Debug */ = {
			isa = XCBuildConfiguration;
			buildSettings = {
				ALWAYS_EMBED_SWIFT_STANDARD_LIBRARIES = YES;
				CODE_SIGN_STYLE = Automatic;
				CURRENT_PROJECT_VERSION = 1;
				GENERATE_INFOPLIST_FILE = YES;
				LD_RUNPATH_SEARCH_PATHS = (
					"$(inherited)",
					"@executable_path/Frameworks",
					"@loader_path/Frameworks",
				);
				MARKETING_VERSION = 1.0;
				PRODUCT_BUNDLE_IDENTIFIER = com.TableUITests;
				PRODUCT_NAME = "$(TARGET_NAME)";
				SWIFT_EMIT_LOC_STRINGS = NO;
				SWIFT_VERSION = 5.0;
				TARGETED_DEVICE_FAMILY = "1,2";
				TEST_TARGET_NAME = Table;
			};
			name = Debug;
		};
		A95A3C002758E26F00292B68 /* Release */ = {
			isa = XCBuildConfiguration;
			buildSettings = {
				ALWAYS_EMBED_SWIFT_STANDARD_LIBRARIES = YES;
				CODE_SIGN_STYLE = Automatic;
				CURRENT_PROJECT_VERSION = 1;
				GENERATE_INFOPLIST_FILE = YES;
				LD_RUNPATH_SEARCH_PATHS = (
					"$(inherited)",
					"@executable_path/Frameworks",
					"@loader_path/Frameworks",
				);
				MARKETING_VERSION = 1.0;
				PRODUCT_BUNDLE_IDENTIFIER = com.TableUITests;
				PRODUCT_NAME = "$(TARGET_NAME)";
				SWIFT_EMIT_LOC_STRINGS = NO;
				SWIFT_VERSION = 5.0;
				TARGETED_DEVICE_FAMILY = "1,2";
				TEST_TARGET_NAME = Table;
			};
			name = Release;
		};
/* End XCBuildConfiguration section */

/* Begin XCConfigurationList section */
		A95A3BC92758E26C00292B68 /* Build configuration list for PBXProject "Table" */ = {
			isa = XCConfigurationList;
			buildConfigurations = (
				A95A3BF62758E26F00292B68 /* Debug */,
				A95A3BF72758E26F00292B68 /* Release */,
			);
			defaultConfigurationIsVisible = 0;
			defaultConfigurationName = Release;
		};
		A95A3BF82758E26F00292B68 /* Build configuration list for PBXNativeTarget "Table" */ = {
			isa = XCConfigurationList;
			buildConfigurations = (
				A95A3BF92758E26F00292B68 /* Debug */,
				A95A3BFA2758E26F00292B68 /* Release */,
			);
			defaultConfigurationIsVisible = 0;
			defaultConfigurationName = Release;
		};
		A95A3BFB2758E26F00292B68 /* Build configuration list for PBXNativeTarget "TableTests" */ = {
			isa = XCConfigurationList;
			buildConfigurations = (
				A95A3BFC2758E26F00292B68 /* Debug */,
				A95A3BFD2758E26F00292B68 /* Release */,
			);
			defaultConfigurationIsVisible = 0;
			defaultConfigurationName = Release;
		};
		A95A3BFE2758E26F00292B68 /* Build configuration list for PBXNativeTarget "TableUITests" */ = {
			isa = XCConfigurationList;
			buildConfigurations = (
				A95A3BFF2758E26F00292B68 /* Debug */,
				A95A3C002758E26F00292B68 /* Release */,
			);
			defaultConfigurationIsVisible = 0;
			defaultConfigurationName = Release;
		};
/* End XCConfigurationList section */
	};
	rootObject = A95A3BC62758E26C00292B68 /* Project object */;
}
