// !$*UTF8*$!
{
	archiveVersion = 1;
	classes = {
	};
	objectVersion = 55;
	objects = {

/* Begin PBXBuildFile section */
		A933A7C42754977D00430D85 /* AppDelegate.swift in Sources */ = {isa = PBXBuildFile; fileRef = A933A7C32754977D00430D85 /* AppDelegate.swift */; };
		A933A7C62754977D00430D85 /* SceneDelegate.swift in Sources */ = {isa = PBXBuildFile; fileRef = A933A7C52754977D00430D85 /* SceneDelegate.swift */; };
		A933A7C82754977D00430D85 /* ViewController.swift in Sources */ = {isa = PBXBuildFile; fileRef = A933A7C72754977D00430D85 /* ViewController.swift */; };
		A933A7CB2754977D00430D85 /* Main.storyboard in Resources */ = {isa = PBXBuildFile; fileRef = A933A7C92754977D00430D85 /* Main.storyboard */; };
		A933A7CD2754978000430D85 /* Assets.xcassets in Resources */ = {isa = PBXBuildFile; fileRef = A933A7CC2754978000430D85 /* Assets.xcassets */; };
		A933A7D02754978000430D85 /* LaunchScreen.storyboard in Resources */ = {isa = PBXBuildFile; fileRef = A933A7CE2754978000430D85 /* LaunchScreen.storyboard */; };
		A933A7DB2754978000430D85 /* WebTests.swift in Sources */ = {isa = PBXBuildFile; fileRef = A933A7DA2754978000430D85 /* WebTests.swift */; };
		A933A7E52754978000430D85 /* WebUITests.swift in Sources */ = {isa = PBXBuildFile; fileRef = A933A7E42754978000430D85 /* WebUITests.swift */; };
		A933A7E72754978000430D85 /* WebUITestsLaunchTests.swift in Sources */ = {isa = PBXBuildFile; fileRef = A933A7E62754978000430D85 /* WebUITestsLaunchTests.swift */; };
		A933A7F42754BC9B00430D85 /* 'htmlView.html in Resources */ = {isa = PBXBuildFile; fileRef = A933A7F32754BC9B00430D85 /* 'htmlView.html */; };
/* End PBXBuildFile section */

/* Begin PBXContainerItemProxy section */
		A933A7D72754978000430D85 /* PBXContainerItemProxy */ = {
			isa = PBXContainerItemProxy;
			containerPortal = A933A7B82754977D00430D85 /* Project object */;
			proxyType = 1;
			remoteGlobalIDString = A933A7BF2754977D00430D85;
			remoteInfo = Web;
		};
		A933A7E12754978000430D85 /* PBXContainerItemProxy */ = {
			isa = PBXContainerItemProxy;
			containerPortal = A933A7B82754977D00430D85 /* Project object */;
			proxyType = 1;
			remoteGlobalIDString = A933A7BF2754977D00430D85;
			remoteInfo = Web;
		};
/* End PBXContainerItemProxy section */

/* Begin PBXFileReference section */
		A933A7C02754977D00430D85 /* Web.app */ = {isa = PBXFileReference; explicitFileType = wrapper.application; includeInIndex = 0; path = Web.app; sourceTree = BUILT_PRODUCTS_DIR; };
		A933A7C32754977D00430D85 /* AppDelegate.swift */ = {isa = PBXFileReference; lastKnownFileType = sourcecode.swift; path = AppDelegate.swift; sourceTree = "<group>"; };
		A933A7C52754977D00430D85 /* SceneDelegate.swift */ = {isa = PBXFileReference; lastKnownFileType = sourcecode.swift; path = SceneDelegate.swift; sourceTree = "<group>"; };
		A933A7C72754977D00430D85 /* ViewController.swift */ = {isa = PBXFileReference; lastKnownFileType = sourcecode.swift; path = ViewController.swift; sourceTree = "<group>"; };
		A933A7CA2754977D00430D85 /* Base */ = {isa = PBXFileReference; lastKnownFileType = file.storyboard; name = Base; path = Base.lproj/Main.storyboard; sourceTree = "<group>"; };
		A933A7CC2754978000430D85 /* Assets.xcassets */ = {isa = PBXFileReference; lastKnownFileType = folder.assetcatalog; path = Assets.xcassets; sourceTree = "<group>"; };
		A933A7CF2754978000430D85 /* Base */ = {isa = PBXFileReference; lastKnownFileType = file.storyboard; name = Base; path = Base.lproj/LaunchScreen.storyboard; sourceTree = "<group>"; };
		A933A7D12754978000430D85 /* Info.plist */ = {isa = PBXFileReference; lastKnownFileType = text.plist.xml; path = Info.plist; sourceTree = "<group>"; };
		A933A7D62754978000430D85 /* WebTests.xctest */ = {isa = PBXFileReference; explicitFileType = wrapper.cfbundle; includeInIndex = 0; path = WebTests.xctest; sourceTree = BUILT_PRODUCTS_DIR; };
		A933A7DA2754978000430D85 /* WebTests.swift */ = {isa = PBXFileReference; lastKnownFileType = sourcecode.swift; path = WebTests.swift; sourceTree = "<group>"; };
		A933A7E02754978000430D85 /* WebUITests.xctest */ = {isa = PBXFileReference; explicitFileType = wrapper.cfbundle; includeInIndex = 0; path = WebUITests.xctest; sourceTree = BUILT_PRODUCTS_DIR; };
		A933A7E42754978000430D85 /* WebUITests.swift */ = {isa = PBXFileReference; lastKnownFileType = sourcecode.swift; path = WebUITests.swift; sourceTree = "<group>"; };
		A933A7E62754978000430D85 /* WebUITestsLaunchTests.swift */ = {isa = PBXFileReference; lastKnownFileType = sourcecode.swift; path = WebUITestsLaunchTests.swift; sourceTree = "<group>"; };
		A933A7F32754BC9B00430D85 /* 'htmlView.html */ = {isa = PBXFileReference; lastKnownFileType = text.html; path = "'htmlView.html"; sourceTree = "<group>"; };
/* End PBXFileReference section */

/* Begin PBXFrameworksBuildPhase section */
		A933A7BD2754977D00430D85 /* Frameworks */ = {
			isa = PBXFrameworksBuildPhase;
			buildActionMask = 2147483647;
			files = (
			);
			runOnlyForDeploymentPostprocessing = 0;
		};
		A933A7D32754978000430D85 /* Frameworks */ = {
			isa = PBXFrameworksBuildPhase;
			buildActionMask = 2147483647;
			files = (
			);
			runOnlyForDeploymentPostprocessing = 0;
		};
		A933A7DD2754978000430D85 /* Frameworks */ = {
			isa = PBXFrameworksBuildPhase;
			buildActionMask = 2147483647;
			files = (
			);
			runOnlyForDeploymentPostprocessing = 0;
		};
/* End PBXFrameworksBuildPhase section */

/* Begin PBXGroup section */
		A933A7B72754977D00430D85 = {
			isa = PBXGroup;
			children = (
				A933A7C22754977D00430D85 /* Web */,
				A933A7D92754978000430D85 /* WebTests */,
				A933A7E32754978000430D85 /* WebUITests */,
				A933A7C12754977D00430D85 /* Products */,
			);
			sourceTree = "<group>";
		};
		A933A7C12754977D00430D85 /* Products */ = {
			isa = PBXGroup;
			children = (
				A933A7C02754977D00430D85 /* Web.app */,
				A933A7D62754978000430D85 /* WebTests.xctest */,
				A933A7E02754978000430D85 /* WebUITests.xctest */,
			);
			name = Products;
			sourceTree = "<group>";
		};
		A933A7C22754977D00430D85 /* Web */ = {
			isa = PBXGroup;
			children = (
				A933A7C32754977D00430D85 /* AppDelegate.swift */,
				A933A7C52754977D00430D85 /* SceneDelegate.swift */,
				A933A7C72754977D00430D85 /* ViewController.swift */,
				A933A7F32754BC9B00430D85 /* 'htmlView.html */,
				A933A7C92754977D00430D85 /* Main.storyboard */,
				A933A7CC2754978000430D85 /* Assets.xcassets */,
				A933A7CE2754978000430D85 /* LaunchScreen.storyboard */,
				A933A7D12754978000430D85 /* Info.plist */,
			);
			path = Web;
			sourceTree = "<group>";
		};
		A933A7D92754978000430D85 /* WebTests */ = {
			isa = PBXGroup;
			children = (
				A933A7DA2754978000430D85 /* WebTests.swift */,
			);
			path = WebTests;
			sourceTree = "<group>";
		};
		A933A7E32754978000430D85 /* WebUITests */ = {
			isa = PBXGroup;
			children = (
				A933A7E42754978000430D85 /* WebUITests.swift */,
				A933A7E62754978000430D85 /* WebUITestsLaunchTests.swift */,
			);
			path = WebUITests;
			sourceTree = "<group>";
		};
/* End PBXGroup section */

/* Begin PBXNativeTarget section */
		A933A7BF2754977D00430D85 /* Web */ = {
			isa = PBXNativeTarget;
			buildConfigurationList = A933A7EA2754978000430D85 /* Build configuration list for PBXNativeTarget "Web" */;
			buildPhases = (
				A933A7BC2754977D00430D85 /* Sources */,
				A933A7BD2754977D00430D85 /* Frameworks */,
				A933A7BE2754977D00430D85 /* Resources */,
			);
			buildRules = (
			);
			dependencies = (
			);
			name = Web;
			productName = Web;
			productReference = A933A7C02754977D00430D85 /* Web.app */;
			productType = "com.apple.product-type.application";
		};
		A933A7D52754978000430D85 /* WebTests */ = {
			isa = PBXNativeTarget;
			buildConfigurationList = A933A7ED2754978000430D85 /* Build configuration list for PBXNativeTarget "WebTests" */;
			buildPhases = (
				A933A7D22754978000430D85 /* Sources */,
				A933A7D32754978000430D85 /* Frameworks */,
				A933A7D42754978000430D85 /* Resources */,
			);
			buildRules = (
			);
			dependencies = (
				A933A7D82754978000430D85 /* PBXTargetDependency */,
			);
			name = WebTests;
			productName = WebTests;
			productReference = A933A7D62754978000430D85 /* WebTests.xctest */;
			productType = "com.apple.product-type.bundle.unit-test";
		};
		A933A7DF2754978000430D85 /* WebUITests */ = {
			isa = PBXNativeTarget;
			buildConfigurationList = A933A7F02754978000430D85 /* Build configuration list for PBXNativeTarget "WebUITests" */;
			buildPhases = (
				A933A7DC2754978000430D85 /* Sources */,
				A933A7DD2754978000430D85 /* Frameworks */,
				A933A7DE2754978000430D85 /* Resources */,
			);
			buildRules = (
			);
			dependencies = (
				A933A7E22754978000430D85 /* PBXTargetDependency */,
			);
			name = WebUITests;
			productName = WebUITests;
			productReference = A933A7E02754978000430D85 /* WebUITests.xctest */;
			productType = "com.apple.product-type.bundle.ui-testing";
		};
/* End PBXNativeTarget section */

/* Begin PBXProject section */
		A933A7B82754977D00430D85 /* Project object */ = {
			isa = PBXProject;
			attributes = {
				BuildIndependentTargetsInParallel = 1;
				LastSwiftUpdateCheck = 1310;
				LastUpgradeCheck = 1310;
				TargetAttributes = {
					A933A7BF2754977D00430D85 = {
						CreatedOnToolsVersion = 13.1;
					};
					A933A7D52754978000430D85 = {
						CreatedOnToolsVersion = 13.1;
						TestTargetID = A933A7BF2754977D00430D85;
					};
					A933A7DF2754978000430D85 = {
						CreatedOnToolsVersion = 13.1;
						TestTargetID = A933A7BF2754977D00430D85;
					};
				};
			};
			buildConfigurationList = A933A7BB2754977D00430D85 /* Build configuration list for PBXProject "Web" */;
			compatibilityVersion = "Xcode 13.0";
			developmentRegion = en;
			hasScannedForEncodings = 0;
			knownRegions = (
				en,
				Base,
			);
			mainGroup = A933A7B72754977D00430D85;
			productRefGroup = A933A7C12754977D00430D85 /* Products */;
			projectDirPath = "";
			projectRoot = "";
			targets = (
				A933A7BF2754977D00430D85 /* Web */,
				A933A7D52754978000430D85 /* WebTests */,
				A933A7DF2754978000430D85 /* WebUITests */,
			);
		};
/* End PBXProject section */

/* Begin PBXResourcesBuildPhase section */
		A933A7BE2754977D00430D85 /* Resources */ = {
			isa = PBXResourcesBuildPhase;
			buildActionMask = 2147483647;
			files = (
				A933A7F42754BC9B00430D85 /* 'htmlView.html in Resources */,
				A933A7D02754978000430D85 /* LaunchScreen.storyboard in Resources */,
				A933A7CD2754978000430D85 /* Assets.xcassets in Resources */,
				A933A7CB2754977D00430D85 /* Main.storyboard in Resources */,
			);
			runOnlyForDeploymentPostprocessing = 0;
		};
		A933A7D42754978000430D85 /* Resources */ = {
			isa = PBXResourcesBuildPhase;
			buildActionMask = 2147483647;
			files = (
			);
			runOnlyForDeploymentPostprocessing = 0;
		};
		A933A7DE2754978000430D85 /* Resources */ = {
			isa = PBXResourcesBuildPhase;
			buildActionMask = 2147483647;
			files = (
			);
			runOnlyForDeploymentPostprocessing = 0;
		};
/* End PBXResourcesBuildPhase section */

/* Begin PBXSourcesBuildPhase section */
		A933A7BC2754977D00430D85 /* Sources */ = {
			isa = PBXSourcesBuildPhase;
			buildActionMask = 2147483647;
			files = (
				A933A7C82754977D00430D85 /* ViewController.swift in Sources */,
				A933A7C42754977D00430D85 /* AppDelegate.swift in Sources */,
				A933A7C62754977D00430D85 /* SceneDelegate.swift in Sources */,
			);
			runOnlyForDeploymentPostprocessing = 0;
		};
		A933A7D22754978000430D85 /* Sources */ = {
			isa = PBXSourcesBuildPhase;
			buildActionMask = 2147483647;
			files = (
				A933A7DB2754978000430D85 /* WebTests.swift in Sources */,
			);
			runOnlyForDeploymentPostprocessing = 0;
		};
		A933A7DC2754978000430D85 /* Sources */ = {
			isa = PBXSourcesBuildPhase;
			buildActionMask = 2147483647;
			files = (
				A933A7E52754978000430D85 /* WebUITests.swift in Sources */,
				A933A7E72754978000430D85 /* WebUITestsLaunchTests.swift in Sources */,
			);
			runOnlyForDeploymentPostprocessing = 0;
		};
/* End PBXSourcesBuildPhase section */

/* Begin PBXTargetDependency section */
		A933A7D82754978000430D85 /* PBXTargetDependency */ = {
			isa = PBXTargetDependency;
			target = A933A7BF2754977D00430D85 /* Web */;
			targetProxy = A933A7D72754978000430D85 /* PBXContainerItemProxy */;
		};
		A933A7E22754978000430D85 /* PBXTargetDependency */ = {
			isa = PBXTargetDependency;
			target = A933A7BF2754977D00430D85 /* Web */;
			targetProxy = A933A7E12754978000430D85 /* PBXContainerItemProxy */;
		};
/* End PBXTargetDependency section */

/* Begin PBXVariantGroup section */
		A933A7C92754977D00430D85 /* Main.storyboard */ = {
			isa = PBXVariantGroup;
			children = (
				A933A7CA2754977D00430D85 /* Base */,
			);
			name = Main.storyboard;
			sourceTree = "<group>";
		};
		A933A7CE2754978000430D85 /* LaunchScreen.storyboard */ = {
			isa = PBXVariantGroup;
			children = (
				A933A7CF2754978000430D85 /* Base */,
			);
			name = LaunchScreen.storyboard;
			sourceTree = "<group>";
		};
/* End PBXVariantGroup section */

/* Begin XCBuildConfiguration section */
		A933A7E82754978000430D85 /* Debug */ = {
			isa = XCBuildConfiguration;
			buildSettings = {
				ALWAYS_SEARCH_USER_PATHS = NO;
				CLANG_ANALYZER_NONNULL = YES;
				CLANG_ANALYZER_NUMBER_OBJECT_CONVERSION = YES_AGGRESSIVE;
				CLANG_CXX_LANGUAGE_STANDARD = "gnu++17";
				CLANG_CXX_LIBRARY = "libc++";
				CLANG_ENABLE_MODULES = YES;
				CLANG_ENABLE_OBJC_ARC = YES;
				CLANG_ENABLE_OBJC_WEAK = YES;
				CLANG_WARN_BLOCK_CAPTURE_AUTORELEASING = YES;
				CLANG_WARN_BOOL_CONVERSION = YES;
				CLANG_WARN_COMMA = YES;
				CLANG_WARN_CONSTANT_CONVERSION = YES;
				CLANG_WARN_DEPRECATED_OBJC_IMPLEMENTATIONS = YES;
				CLANG_WARN_DIRECT_OBJC_ISA_USAGE = YES_ERROR;
				CLANG_WARN_DOCUMENTATION_COMMENTS = YES;
				CLANG_WARN_EMPTY_BODY = YES;
				CLANG_WARN_ENUM_CONVERSION = YES;
				CLANG_WARN_INFINITE_RECURSION = YES;
				CLANG_WARN_INT_CONVERSION = YES;
				CLANG_WARN_NON_LITERAL_NULL_CONVERSION = YES;
				CLANG_WARN_OBJC_IMPLICIT_RETAIN_SELF = YES;
				CLANG_WARN_OBJC_LITERAL_CONVERSION = YES;
				CLANG_WARN_OBJC_ROOT_CLASS = YES_ERROR;
				CLANG_WARN_QUOTED_INCLUDE_IN_FRAMEWORK_HEADER = YES;
				CLANG_WARN_RANGE_LOOP_ANALYSIS = YES;
				CLANG_WARN_STRICT_PROTOTYPES = YES;
				CLANG_WARN_SUSPICIOUS_MOVE = YES;
				CLANG_WARN_UNGUARDED_AVAILABILITY = YES_AGGRESSIVE;
				CLANG_WARN_UNREACHABLE_CODE = YES;
				CLANG_WARN__DUPLICATE_METHOD_MATCH = YES;
				COPY_PHASE_STRIP = NO;
				DEBUG_INFORMATION_FORMAT = dwarf;
				ENABLE_STRICT_OBJC_MSGSEND = YES;
				ENABLE_TESTABILITY = YES;
				GCC_C_LANGUAGE_STANDARD = gnu11;
				GCC_DYNAMIC_NO_PIC = NO;
				GCC_NO_COMMON_BLOCKS = YES;
				GCC_OPTIMIZATION_LEVEL = 0;
				GCC_PREPROCESSOR_DEFINITIONS = (
					"DEBUG=1",
					"$(inherited)",
				);
				GCC_WARN_64_TO_32_BIT_CONVERSION = YES;
				GCC_WARN_ABOUT_RETURN_TYPE = YES_ERROR;
				GCC_WARN_UNDECLARED_SELECTOR = YES;
				GCC_WARN_UNINITIALIZED_AUTOS = YES_AGGRESSIVE;
				GCC_WARN_UNUSED_FUNCTION = YES;
				GCC_WARN_UNUSED_VARIABLE = YES;
				IPHONEOS_DEPLOYMENT_TARGET = 15.0;
				MTL_ENABLE_DEBUG_INFO = INCLUDE_SOURCE;
				MTL_FAST_MATH = YES;
				ONLY_ACTIVE_ARCH = YES;
				SDKROOT = iphoneos;
				SWIFT_ACTIVE_COMPILATION_CONDITIONS = DEBUG;
				SWIFT_OPTIMIZATION_LEVEL = "-Onone";
			};
			name = Debug;
		};
		A933A7E92754978000430D85 /* Release */ = {
			isa = XCBuildConfiguration;
			buildSettings = {
				ALWAYS_SEARCH_USER_PATHS = NO;
				CLANG_ANALYZER_NONNULL = YES;
				CLANG_ANALYZER_NUMBER_OBJECT_CONVERSION = YES_AGGRESSIVE;
				CLANG_CXX_LANGUAGE_STANDARD = "gnu++17";
				CLANG_CXX_LIBRARY = "libc++";
				CLANG_ENABLE_MODULES = YES;
				CLANG_ENABLE_OBJC_ARC = YES;
				CLANG_ENABLE_OBJC_WEAK = YES;
				CLANG_WARN_BLOCK_CAPTURE_AUTORELEASING = YES;
				CLANG_WARN_BOOL_CONVERSION = YES;
				CLANG_WARN_COMMA = YES;
				CLANG_WARN_CONSTANT_CONVERSION = YES;
				CLANG_WARN_DEPRECATED_OBJC_IMPLEMENTATIONS = YES;
				CLANG_WARN_DIRECT_OBJC_ISA_USAGE = YES_ERROR;
				CLANG_WARN_DOCUMENTATION_COMMENTS = YES;
				CLANG_WARN_EMPTY_BODY = YES;
				CLANG_WARN_ENUM_CONVERSION = YES;
				CLANG_WARN_INFINITE_RECURSION = YES;
				CLANG_WARN_INT_CONVERSION = YES;
				CLANG_WARN_NON_LITERAL_NULL_CONVERSION = YES;
				CLANG_WARN_OBJC_IMPLICIT_RETAIN_SELF = YES;
				CLANG_WARN_OBJC_LITERAL_CONVERSION = YES;
				CLANG_WARN_OBJC_ROOT_CLASS = YES_ERROR;
				CLANG_WARN_QUOTED_INCLUDE_IN_FRAMEWORK_HEADER = YES;
				CLANG_WARN_RANGE_LOOP_ANALYSIS = YES;
				CLANG_WARN_STRICT_PROTOTYPES = YES;
				CLANG_WARN_SUSPICIOUS_MOVE = YES;
				CLANG_WARN_UNGUARDED_AVAILABILITY = YES_AGGRESSIVE;
				CLANG_WARN_UNREACHABLE_CODE = YES;
				CLANG_WARN__DUPLICATE_METHOD_MATCH = YES;
				COPY_PHASE_STRIP = NO;
				DEBUG_INFORMATION_FORMAT = "dwarf-with-dsym";
				ENABLE_NS_ASSERTIONS = NO;
				ENABLE_STRICT_OBJC_MSGSEND = YES;
				GCC_C_LANGUAGE_STANDARD = gnu11;
				GCC_NO_COMMON_BLOCKS = YES;
				GCC_WARN_64_TO_32_BIT_CONVERSION = YES;
				GCC_WARN_ABOUT_RETURN_TYPE = YES_ERROR;
				GCC_WARN_UNDECLARED_SELECTOR = YES;
				GCC_WARN_UNINITIALIZED_AUTOS = YES_AGGRESSIVE;
				GCC_WARN_UNUSED_FUNCTION = YES;
				GCC_WARN_UNUSED_VARIABLE = YES;
				IPHONEOS_DEPLOYMENT_TARGET = 15.0;
				MTL_ENABLE_DEBUG_INFO = NO;
				MTL_FAST_MATH = YES;
				SDKROOT = iphoneos;
				SWIFT_COMPILATION_MODE = wholemodule;
				SWIFT_OPTIMIZATION_LEVEL = "-O";
				VALIDATE_PRODUCT = YES;
			};
			name = Release;
		};
		A933A7EB2754978000430D85 /* Debug */ = {
			isa = XCBuildConfiguration;
			buildSettings = {
				ASSETCATALOG_COMPILER_APPICON_NAME = AppIcon;
				ASSETCATALOG_COMPILER_GLOBAL_ACCENT_COLOR_NAME = AccentColor;
				CODE_SIGN_STYLE = Automatic;
				CURRENT_PROJECT_VERSION = 1;
				GENERATE_INFOPLIST_FILE = YES;
				INFOPLIST_FILE = Web/Info.plist;
				INFOPLIST_KEY_UIApplicationSupportsIndirectInputEvents = YES;
				INFOPLIST_KEY_UILaunchStoryboardName = LaunchScreen;
				INFOPLIST_KEY_UIMainStoryboardFile = Main;
				INFOPLIST_KEY_UISupportedInterfaceOrientations_iPad = "UIInterfaceOrientationPortrait UIInterfaceOrientationPortraitUpsideDown UIInterfaceOrientationLandscapeLeft UIInterfaceOrientationLandscapeRight";
				INFOPLIST_KEY_UISupportedInterfaceOrientations_iPhone = "UIInterfaceOrientationPortrait UIInterfaceOrientationLandscapeLeft UIInterfaceOrientationLandscapeRight";
				LD_RUNPATH_SEARCH_PATHS = (
					"$(inherited)",
					"@executable_path/Frameworks",
				);
				MARKETING_VERSION = 1.0;
				PRODUCT_BUNDLE_IDENTIFIER = com.Web;
				PRODUCT_NAME = "$(TARGET_NAME)";
				SWIFT_EMIT_LOC_STRINGS = YES;
				SWIFT_VERSION = 5.0;
				TARGETED_DEVICE_FAMILY = "1,2";
			};
			name = Debug;
		};
		A933A7EC2754978000430D85 /* Release */ = {
			isa = XCBuildConfiguration;
			buildSettings = {
				ASSETCATALOG_COMPILER_APPICON_NAME = AppIcon;
				ASSETCATALOG_COMPILER_GLOBAL_ACCENT_COLOR_NAME = AccentColor;
				CODE_SIGN_STYLE = Automatic;
				CURRENT_PROJECT_VERSION = 1;
				GENERATE_INFOPLIST_FILE = YES;
				INFOPLIST_FILE = Web/Info.plist;
				INFOPLIST_KEY_UIApplicationSupportsIndirectInputEvents = YES;
				INFOPLIST_KEY_UILaunchStoryboardName = LaunchScreen;
				INFOPLIST_KEY_UIMainStoryboardFile = Main;
				INFOPLIST_KEY_UISupportedInterfaceOrientations_iPad = "UIInterfaceOrientationPortrait UIInterfaceOrientationPortraitUpsideDown UIInterfaceOrientationLandscapeLeft UIInterfaceOrientationLandscapeRight";
				INFOPLIST_KEY_UISupportedInterfaceOrientations_iPhone = "UIInterfaceOrientationPortrait UIInterfaceOrientationLandscapeLeft UIInterfaceOrientationLandscapeRight";
				LD_RUNPATH_SEARCH_PATHS = (
					"$(inherited)",
					"@executable_path/Frameworks",
				);
				MARKETING_VERSION = 1.0;
				PRODUCT_BUNDLE_IDENTIFIER = com.Web;
				PRODUCT_NAME = "$(TARGET_NAME)";
				SWIFT_EMIT_LOC_STRINGS = YES;
				SWIFT_VERSION = 5.0;
				TARGETED_DEVICE_FAMILY = "1,2";
			};
			name = Release;
		};
		A933A7EE2754978000430D85 /* Debug */ = {
			isa = XCBuildConfiguration;
			buildSettings = {
				ALWAYS_EMBED_SWIFT_STANDARD_LIBRARIES = YES;
				BUNDLE_LOADER = "$(TEST_HOST)";
				CODE_SIGN_STYLE = Automatic;
				CURRENT_PROJECT_VERSION = 1;
				GENERATE_INFOPLIST_FILE = YES;
				IPHONEOS_DEPLOYMENT_TARGET = 15.0;
				LD_RUNPATH_SEARCH_PATHS = (
					"$(inherited)",
					"@executable_path/Frameworks",
					"@loader_path/Frameworks",
				);
				MARKETING_VERSION = 1.0;
				PRODUCT_BUNDLE_IDENTIFIER = com.WebTests;
				PRODUCT_NAME = "$(TARGET_NAME)";
				SWIFT_EMIT_LOC_STRINGS = NO;
				SWIFT_VERSION = 5.0;
				TARGETED_DEVICE_FAMILY = "1,2";
				TEST_HOST = "$(BUILT_PRODUCTS_DIR)/Web.app/Web";
			};
			name = Debug;
		};
		A933A7EF2754978000430D85 /* Release */ = {
			isa = XCBuildConfiguration;
			buildSettings = {
				ALWAYS_EMBED_SWIFT_STANDARD_LIBRARIES = YES;
				BUNDLE_LOADER = "$(TEST_HOST)";
				CODE_SIGN_STYLE = Automatic;
				CURRENT_PROJECT_VERSION = 1;
				GENERATE_INFOPLIST_FILE = YES;
				IPHONEOS_DEPLOYMENT_TARGET = 15.0;
				LD_RUNPATH_SEARCH_PATHS = (
					"$(inherited)",
					"@executable_path/Frameworks",
					"@loader_path/Frameworks",
				);
				MARKETING_VERSION = 1.0;
				PRODUCT_BUNDLE_IDENTIFIER = com.WebTests;
				PRODUCT_NAME = "$(TARGET_NAME)";
				SWIFT_EMIT_LOC_STRINGS = NO;
				SWIFT_VERSION = 5.0;
				TARGETED_DEVICE_FAMILY = "1,2";
				TEST_HOST = "$(BUILT_PRODUCTS_DIR)/Web.app/Web";
			};
			name = Release;
		};
		A933A7F12754978000430D85 /* Debug */ = {
			isa = XCBuildConfiguration;
			buildSettings = {
				ALWAYS_EMBED_SWIFT_STANDARD_LIBRARIES = YES;
				CODE_SIGN_STYLE = Automatic;
				CURRENT_PROJECT_VERSION = 1;
				GENERATE_INFOPLIST_FILE = YES;
				LD_RUNPATH_SEARCH_PATHS = (
					"$(inherited)",
					"@executable_path/Frameworks",
					"@loader_path/Frameworks",
				);
				MARKETING_VERSION = 1.0;
				PRODUCT_BUNDLE_IDENTIFIER = com.WebUITests;
				PRODUCT_NAME = "$(TARGET_NAME)";
				SWIFT_EMIT_LOC_STRINGS = NO;
				SWIFT_VERSION = 5.0;
				TARGETED_DEVICE_FAMILY = "1,2";
				TEST_TARGET_NAME = Web;
			};
			name = Debug;
		};
		A933A7F22754978000430D85 /* Release */ = {
			isa = XCBuildConfiguration;
			buildSettings = {
				ALWAYS_EMBED_SWIFT_STANDARD_LIBRARIES = YES;
				CODE_SIGN_STYLE = Automatic;
				CURRENT_PROJECT_VERSION = 1;
				GENERATE_INFOPLIST_FILE = YES;
				LD_RUNPATH_SEARCH_PATHS = (
					"$(inherited)",
					"@executable_path/Frameworks",
					"@loader_path/Frameworks",
				);
				MARKETING_VERSION = 1.0;
				PRODUCT_BUNDLE_IDENTIFIER = com.WebUITests;
				PRODUCT_NAME = "$(TARGET_NAME)";
				SWIFT_EMIT_LOC_STRINGS = NO;
				SWIFT_VERSION = 5.0;
				TARGETED_DEVICE_FAMILY = "1,2";
				TEST_TARGET_NAME = Web;
			};
			name = Release;
		};
/* End XCBuildConfiguration section */

/* Begin XCConfigurationList section */
		A933A7BB2754977D00430D85 /* Build configuration list for PBXProject "Web" */ = {
			isa = XCConfigurationList;
			buildConfigurations = (
				A933A7E82754978000430D85 /* Debug */,
				A933A7E92754978000430D85 /* Release */,
			);
			defaultConfigurationIsVisible = 0;
			defaultConfigurationName = Release;
		};
		A933A7EA2754978000430D85 /* Build configuration list for PBXNativeTarget "Web" */ = {
			isa = XCConfigurationList;
			buildConfigurations = (
				A933A7EB2754978000430D85 /* Debug */,
				A933A7EC2754978000430D85 /* Release */,
			);
			defaultConfigurationIsVisible = 0;
			defaultConfigurationName = Release;
		};
		A933A7ED2754978000430D85 /* Build configuration list for PBXNativeTarget "WebTests" */ = {
			isa = XCConfigurationList;
			buildConfigurations = (
				A933A7EE2754978000430D85 /* Debug */,
				A933A7EF2754978000430D85 /* Release */,
			);
			defaultConfigurationIsVisible = 0;
			defaultConfigurationName = Release;
		};
		A933A7F02754978000430D85 /* Build configuration list for PBXNativeTarget "WebUITests" */ = {
			isa = XCConfigurationList;
			buildConfigurations = (
				A933A7F12754978000430D85 /* Debug */,
				A933A7F22754978000430D85 /* Release */,
			);
			defaultConfigurationIsVisible = 0;
			defaultConfigurationName = Release;
		};
/* End XCConfigurationList section */
	};
	rootObject = A933A7B82754977D00430D85 /* Project object */;
}
